// !$*UTF8*$!
{
	archiveVersion = 1;
	classes = {
	};
	objectVersion = 56;
	objects = {

/* Begin PBXBuildFile section */
		D0EF6552299A976200AD7E41 /* AppDelegate.swift in Sources */ = {isa = PBXBuildFile; fileRef = D0EF6551299A976200AD7E41 /* AppDelegate.swift */; };
		D0EF6554299A976200AD7E41 /* SceneDelegate.swift in Sources */ = {isa = PBXBuildFile; fileRef = D0EF6553299A976200AD7E41 /* SceneDelegate.swift */; };
		D0EF655B299A976400AD7E41 /* Assets.xcassets in Resources */ = {isa = PBXBuildFile; fileRef = D0EF655A299A976400AD7E41 /* Assets.xcassets */; };
		D0EF655E299A976400AD7E41 /* LaunchScreen.storyboard in Resources */ = {isa = PBXBuildFile; fileRef = D0EF655C299A976400AD7E41 /* LaunchScreen.storyboard */; };
		D0EF6569299A976400AD7E41 /* testioTests.swift in Sources */ = {isa = PBXBuildFile; fileRef = D0EF6568299A976400AD7E41 /* testioTests.swift */; };
		D0EF6590299A9DC100AD7E41 /* testioCommon.framework in Frameworks */ = {isa = PBXBuildFile; fileRef = D0EF6588299A9DC000AD7E41 /* testioCommon.framework */; };
		D0EF6597299A9DC100AD7E41 /* testioCommonTests.swift in Sources */ = {isa = PBXBuildFile; fileRef = D0EF6596299A9DC100AD7E41 /* testioCommonTests.swift */; };
		D0EF6598299A9DC100AD7E41 /* testioCommon.h in Headers */ = {isa = PBXBuildFile; fileRef = D0EF658A299A9DC000AD7E41 /* testioCommon.h */; settings = {ATTRIBUTES = (Public, ); }; };
		D0EF659B299A9DC100AD7E41 /* testioCommon.framework in Frameworks */ = {isa = PBXBuildFile; fileRef = D0EF6588299A9DC000AD7E41 /* testioCommon.framework */; };
		D0EF659C299A9DC100AD7E41 /* testioCommon.framework in Embed Frameworks */ = {isa = PBXBuildFile; fileRef = D0EF6588299A9DC000AD7E41 /* testioCommon.framework */; settings = {ATTRIBUTES = (CodeSignOnCopy, RemoveHeadersOnCopy, ); }; };
		D0EF65B4299AA0B900AD7E41 /* testioAuth.framework in Frameworks */ = {isa = PBXBuildFile; fileRef = D0EF65AC299AA0B900AD7E41 /* testioAuth.framework */; };
		D0EF65BB299AA0B900AD7E41 /* testioAuthTests.swift in Sources */ = {isa = PBXBuildFile; fileRef = D0EF65BA299AA0B900AD7E41 /* testioAuthTests.swift */; };
		D0EF65BC299AA0B900AD7E41 /* testioAuth.h in Headers */ = {isa = PBXBuildFile; fileRef = D0EF65AE299AA0B900AD7E41 /* testioAuth.h */; settings = {ATTRIBUTES = (Public, ); }; };
		D0EF65BF299AA0B900AD7E41 /* testioAuth.framework in Frameworks */ = {isa = PBXBuildFile; fileRef = D0EF65AC299AA0B900AD7E41 /* testioAuth.framework */; };
		D0EF65C0299AA0B900AD7E41 /* testioAuth.framework in Embed Frameworks */ = {isa = PBXBuildFile; fileRef = D0EF65AC299AA0B900AD7E41 /* testioAuth.framework */; settings = {ATTRIBUTES = (CodeSignOnCopy, RemoveHeadersOnCopy, ); }; };
		D0EF65CC299AA20400AD7E41 /* LoginView.swift in Sources */ = {isa = PBXBuildFile; fileRef = D0EF65CB299AA20400AD7E41 /* LoginView.swift */; };
		D0EF65CE299AA21C00AD7E41 /* LoginInteractor.swift in Sources */ = {isa = PBXBuildFile; fileRef = D0EF65CD299AA21C00AD7E41 /* LoginInteractor.swift */; };
		D0EF65D0299AA22300AD7E41 /* LoginPresenter.swift in Sources */ = {isa = PBXBuildFile; fileRef = D0EF65CF299AA22300AD7E41 /* LoginPresenter.swift */; };
		D0EF65D2299AA22900AD7E41 /* LoginRouting.swift in Sources */ = {isa = PBXBuildFile; fileRef = D0EF65D1299AA22900AD7E41 /* LoginRouting.swift */; };
		D0EF65D4299AA2CF00AD7E41 /* LoginFactory.swift in Sources */ = {isa = PBXBuildFile; fileRef = D0EF65D3299AA2CF00AD7E41 /* LoginFactory.swift */; };
		D0EF65D6299AA44700AD7E41 /* LoginViewController.swift in Sources */ = {isa = PBXBuildFile; fileRef = D0EF65D5299AA44700AD7E41 /* LoginViewController.swift */; };
		D0EF67E4299AA6F300AD7E41 /* HasCustomView.swift in Sources */ = {isa = PBXBuildFile; fileRef = D0EF67E3299AA6F300AD7E41 /* HasCustomView.swift */; };
		D0EF67E6299AA6FD00AD7E41 /* testioCommon.framework in Frameworks */ = {isa = PBXBuildFile; fileRef = D0EF6588299A9DC000AD7E41 /* testioCommon.framework */; };
		D0EF67F2299AC4B300AD7E41 /* LogoView.swift in Sources */ = {isa = PBXBuildFile; fileRef = D0EF67F1299AC4B300AD7E41 /* LogoView.swift */; };
		D0EF67F5299AC99A00AD7E41 /* UIColor+Testio.swift in Sources */ = {isa = PBXBuildFile; fileRef = D0EF67F4299AC99A00AD7E41 /* UIColor+Testio.swift */; };
		D0EF67F7299ACCC500AD7E41 /* UIView+CornerRadius.swift in Sources */ = {isa = PBXBuildFile; fileRef = D0EF67F6299ACCC500AD7E41 /* UIView+CornerRadius.swift */; };
		D0EF67F9299AD32500AD7E41 /* UITextField+LeftImage.swift in Sources */ = {isa = PBXBuildFile; fileRef = D0EF67F8299AD32500AD7E41 /* UITextField+LeftImage.swift */; };
		D0EF67FB299AD39B00AD7E41 /* IconTextField.swift in Sources */ = {isa = PBXBuildFile; fileRef = D0EF67FA299AD39B00AD7E41 /* IconTextField.swift */; };
		D0EF67FF299BA57B00AD7E41 /* APIClient.swift in Sources */ = {isa = PBXBuildFile; fileRef = D0EF67FE299BA57B00AD7E41 /* APIClient.swift */; };
		D0EF6802299BA63100AD7E41 /* APIRequest.swift in Sources */ = {isa = PBXBuildFile; fileRef = D0EF6801299BA63100AD7E41 /* APIRequest.swift */; };
		D0EF6804299BA8B000AD7E41 /* URLRequestBuilder.swift in Sources */ = {isa = PBXBuildFile; fileRef = D0EF6803299BA8B000AD7E41 /* URLRequestBuilder.swift */; };
		D0EF6807299BB06100AD7E41 /* APIConstants.swift in Sources */ = {isa = PBXBuildFile; fileRef = D0EF6806299BB06100AD7E41 /* APIConstants.swift */; };
		D0EF6809299BB1F700AD7E41 /* NetworkError.swift in Sources */ = {isa = PBXBuildFile; fileRef = D0EF6808299BB1F700AD7E41 /* NetworkError.swift */; };
		D0EF680D299BDE2400AD7E41 /* LoginService.swift in Sources */ = {isa = PBXBuildFile; fileRef = D0EF680C299BDE2400AD7E41 /* LoginService.swift */; };
		D0EF6810299BDE8100AD7E41 /* LoginRequest.swift in Sources */ = {isa = PBXBuildFile; fileRef = D0EF680F299BDE8100AD7E41 /* LoginRequest.swift */; };
		D0EF6813299BE9CF00AD7E41 /* APIToken.swift in Sources */ = {isa = PBXBuildFile; fileRef = D0EF6812299BE9CF00AD7E41 /* APIToken.swift */; };
		D0EF6815299BE9F300AD7E41 /* DataParser.swift in Sources */ = {isa = PBXBuildFile; fileRef = D0EF6814299BE9F300AD7E41 /* DataParser.swift */; };
		D0EF681D299BFF4900AD7E41 /* AlertPresenter.swift in Sources */ = {isa = PBXBuildFile; fileRef = D0EF681C299BFF4900AD7E41 /* AlertPresenter.swift */; };
		D0EF6820299C243C00AD7E41 /* Keychain.swift in Sources */ = {isa = PBXBuildFile; fileRef = D0EF681F299C243C00AD7E41 /* Keychain.swift */; };
		D0EF6822299C244500AD7E41 /* KeychainStorage.swift in Sources */ = {isa = PBXBuildFile; fileRef = D0EF6821299C244500AD7E41 /* KeychainStorage.swift */; };
		D0EF6824299C24C400AD7E41 /* TokenStorage.swift in Sources */ = {isa = PBXBuildFile; fileRef = D0EF6823299C24C400AD7E41 /* TokenStorage.swift */; };
		D0EF6827299C253700AD7E41 /* KeychainData.swift in Sources */ = {isa = PBXBuildFile; fileRef = D0EF6826299C253700AD7E41 /* KeychainData.swift */; };
		D0EF6829299C293200AD7E41 /* KeychainError.swift in Sources */ = {isa = PBXBuildFile; fileRef = D0EF6828299C293200AD7E41 /* KeychainError.swift */; };
		D0EF682C299D387D00AD7E41 /* MainRouter.swift in Sources */ = {isa = PBXBuildFile; fileRef = D0EF682B299D387D00AD7E41 /* MainRouter.swift */; };
		D0EF682E299D388400AD7E41 /* LoginRouter.swift in Sources */ = {isa = PBXBuildFile; fileRef = D0EF682D299D388400AD7E41 /* LoginRouter.swift */; };
/* End PBXBuildFile section */

/* Begin PBXContainerItemProxy section */
		D0EF6565299A976400AD7E41 /* PBXContainerItemProxy */ = {
			isa = PBXContainerItemProxy;
			containerPortal = D0EF6546299A976200AD7E41 /* Project object */;
			proxyType = 1;
			remoteGlobalIDString = D0EF654D299A976200AD7E41;
			remoteInfo = testio;
		};
		D0EF6591299A9DC100AD7E41 /* PBXContainerItemProxy */ = {
			isa = PBXContainerItemProxy;
			containerPortal = D0EF6546299A976200AD7E41 /* Project object */;
			proxyType = 1;
			remoteGlobalIDString = D0EF6587299A9DC000AD7E41;
			remoteInfo = testioCommon;
		};
		D0EF6593299A9DC100AD7E41 /* PBXContainerItemProxy */ = {
			isa = PBXContainerItemProxy;
			containerPortal = D0EF6546299A976200AD7E41 /* Project object */;
			proxyType = 1;
			remoteGlobalIDString = D0EF654D299A976200AD7E41;
			remoteInfo = testio;
		};
		D0EF6599299A9DC100AD7E41 /* PBXContainerItemProxy */ = {
			isa = PBXContainerItemProxy;
			containerPortal = D0EF6546299A976200AD7E41 /* Project object */;
			proxyType = 1;
			remoteGlobalIDString = D0EF6587299A9DC000AD7E41;
			remoteInfo = testioCommon;
		};
		D0EF65B5299AA0B900AD7E41 /* PBXContainerItemProxy */ = {
			isa = PBXContainerItemProxy;
			containerPortal = D0EF6546299A976200AD7E41 /* Project object */;
			proxyType = 1;
			remoteGlobalIDString = D0EF65AB299AA0B900AD7E41;
			remoteInfo = testioAuth;
		};
		D0EF65B7299AA0B900AD7E41 /* PBXContainerItemProxy */ = {
			isa = PBXContainerItemProxy;
			containerPortal = D0EF6546299A976200AD7E41 /* Project object */;
			proxyType = 1;
			remoteGlobalIDString = D0EF654D299A976200AD7E41;
			remoteInfo = testio;
		};
		D0EF65BD299AA0B900AD7E41 /* PBXContainerItemProxy */ = {
			isa = PBXContainerItemProxy;
			containerPortal = D0EF6546299A976200AD7E41 /* Project object */;
			proxyType = 1;
			remoteGlobalIDString = D0EF65AB299AA0B900AD7E41;
			remoteInfo = testioAuth;
		};
		D0EF67E8299AA6FD00AD7E41 /* PBXContainerItemProxy */ = {
			isa = PBXContainerItemProxy;
			containerPortal = D0EF6546299A976200AD7E41 /* Project object */;
			proxyType = 1;
			remoteGlobalIDString = D0EF6587299A9DC000AD7E41;
			remoteInfo = testioCommon;
		};
/* End PBXContainerItemProxy section */

/* Begin PBXCopyFilesBuildPhase section */
		D0EF65A0299A9DC100AD7E41 /* Embed Frameworks */ = {
			isa = PBXCopyFilesBuildPhase;
			buildActionMask = 2147483647;
			dstPath = "";
			dstSubfolderSpec = 10;
			files = (
				D0EF65C0299AA0B900AD7E41 /* testioAuth.framework in Embed Frameworks */,
				D0EF659C299A9DC100AD7E41 /* testioCommon.framework in Embed Frameworks */,
			);
			name = "Embed Frameworks";
			runOnlyForDeploymentPostprocessing = 0;
		};
/* End PBXCopyFilesBuildPhase section */

/* Begin PBXFileReference section */
		D0EF654E299A976200AD7E41 /* testio.app */ = {isa = PBXFileReference; explicitFileType = wrapper.application; includeInIndex = 0; path = testio.app; sourceTree = BUILT_PRODUCTS_DIR; };
		D0EF6551299A976200AD7E41 /* AppDelegate.swift */ = {isa = PBXFileReference; lastKnownFileType = sourcecode.swift; path = AppDelegate.swift; sourceTree = "<group>"; };
		D0EF6553299A976200AD7E41 /* SceneDelegate.swift */ = {isa = PBXFileReference; lastKnownFileType = sourcecode.swift; path = SceneDelegate.swift; sourceTree = "<group>"; };
		D0EF655A299A976400AD7E41 /* Assets.xcassets */ = {isa = PBXFileReference; lastKnownFileType = folder.assetcatalog; path = Assets.xcassets; sourceTree = "<group>"; };
		D0EF655D299A976400AD7E41 /* Base */ = {isa = PBXFileReference; lastKnownFileType = file.storyboard; name = Base; path = Base.lproj/LaunchScreen.storyboard; sourceTree = "<group>"; };
		D0EF655F299A976400AD7E41 /* Info.plist */ = {isa = PBXFileReference; lastKnownFileType = text.plist.xml; path = Info.plist; sourceTree = "<group>"; };
		D0EF6564299A976400AD7E41 /* testioTests.xctest */ = {isa = PBXFileReference; explicitFileType = wrapper.cfbundle; includeInIndex = 0; path = testioTests.xctest; sourceTree = BUILT_PRODUCTS_DIR; };
		D0EF6568299A976400AD7E41 /* testioTests.swift */ = {isa = PBXFileReference; lastKnownFileType = sourcecode.swift; path = testioTests.swift; sourceTree = "<group>"; };
		D0EF6588299A9DC000AD7E41 /* testioCommon.framework */ = {isa = PBXFileReference; explicitFileType = wrapper.framework; includeInIndex = 0; path = testioCommon.framework; sourceTree = BUILT_PRODUCTS_DIR; };
		D0EF658A299A9DC000AD7E41 /* testioCommon.h */ = {isa = PBXFileReference; lastKnownFileType = sourcecode.c.h; path = testioCommon.h; sourceTree = "<group>"; };
		D0EF658F299A9DC100AD7E41 /* testioCommonTests.xctest */ = {isa = PBXFileReference; explicitFileType = wrapper.cfbundle; includeInIndex = 0; path = testioCommonTests.xctest; sourceTree = BUILT_PRODUCTS_DIR; };
		D0EF6596299A9DC100AD7E41 /* testioCommonTests.swift */ = {isa = PBXFileReference; lastKnownFileType = sourcecode.swift; path = testioCommonTests.swift; sourceTree = "<group>"; };
		D0EF65AC299AA0B900AD7E41 /* testioAuth.framework */ = {isa = PBXFileReference; explicitFileType = wrapper.framework; includeInIndex = 0; path = testioAuth.framework; sourceTree = BUILT_PRODUCTS_DIR; };
		D0EF65AE299AA0B900AD7E41 /* testioAuth.h */ = {isa = PBXFileReference; lastKnownFileType = sourcecode.c.h; path = testioAuth.h; sourceTree = "<group>"; };
		D0EF65B3299AA0B900AD7E41 /* testioAuthTests.xctest */ = {isa = PBXFileReference; explicitFileType = wrapper.cfbundle; includeInIndex = 0; path = testioAuthTests.xctest; sourceTree = BUILT_PRODUCTS_DIR; };
		D0EF65BA299AA0B900AD7E41 /* testioAuthTests.swift */ = {isa = PBXFileReference; lastKnownFileType = sourcecode.swift; path = testioAuthTests.swift; sourceTree = "<group>"; };
		D0EF65CB299AA20400AD7E41 /* LoginView.swift */ = {isa = PBXFileReference; lastKnownFileType = sourcecode.swift; path = LoginView.swift; sourceTree = "<group>"; };
		D0EF65CD299AA21C00AD7E41 /* LoginInteractor.swift */ = {isa = PBXFileReference; lastKnownFileType = sourcecode.swift; path = LoginInteractor.swift; sourceTree = "<group>"; };
		D0EF65CF299AA22300AD7E41 /* LoginPresenter.swift */ = {isa = PBXFileReference; lastKnownFileType = sourcecode.swift; path = LoginPresenter.swift; sourceTree = "<group>"; };
		D0EF65D1299AA22900AD7E41 /* LoginRouting.swift */ = {isa = PBXFileReference; lastKnownFileType = sourcecode.swift; path = LoginRouting.swift; sourceTree = "<group>"; };
		D0EF65D3299AA2CF00AD7E41 /* LoginFactory.swift */ = {isa = PBXFileReference; lastKnownFileType = sourcecode.swift; path = LoginFactory.swift; sourceTree = "<group>"; };
		D0EF65D5299AA44700AD7E41 /* LoginViewController.swift */ = {isa = PBXFileReference; lastKnownFileType = sourcecode.swift; path = LoginViewController.swift; sourceTree = "<group>"; };
		D0EF67E3299AA6F300AD7E41 /* HasCustomView.swift */ = {isa = PBXFileReference; lastKnownFileType = sourcecode.swift; path = HasCustomView.swift; sourceTree = "<group>"; };
		D0EF67F1299AC4B300AD7E41 /* LogoView.swift */ = {isa = PBXFileReference; lastKnownFileType = sourcecode.swift; path = LogoView.swift; sourceTree = "<group>"; };
		D0EF67F4299AC99A00AD7E41 /* UIColor+Testio.swift */ = {isa = PBXFileReference; lastKnownFileType = sourcecode.swift; path = "UIColor+Testio.swift"; sourceTree = "<group>"; };
		D0EF67F6299ACCC500AD7E41 /* UIView+CornerRadius.swift */ = {isa = PBXFileReference; lastKnownFileType = sourcecode.swift; path = "UIView+CornerRadius.swift"; sourceTree = "<group>"; };
		D0EF67F8299AD32500AD7E41 /* UITextField+LeftImage.swift */ = {isa = PBXFileReference; lastKnownFileType = sourcecode.swift; path = "UITextField+LeftImage.swift"; sourceTree = "<group>"; };
		D0EF67FA299AD39B00AD7E41 /* IconTextField.swift */ = {isa = PBXFileReference; lastKnownFileType = sourcecode.swift; path = IconTextField.swift; sourceTree = "<group>"; };
		D0EF67FE299BA57B00AD7E41 /* APIClient.swift */ = {isa = PBXFileReference; lastKnownFileType = sourcecode.swift; path = APIClient.swift; sourceTree = "<group>"; };
		D0EF6801299BA63100AD7E41 /* APIRequest.swift */ = {isa = PBXFileReference; lastKnownFileType = sourcecode.swift; path = APIRequest.swift; sourceTree = "<group>"; };
		D0EF6803299BA8B000AD7E41 /* URLRequestBuilder.swift */ = {isa = PBXFileReference; lastKnownFileType = sourcecode.swift; path = URLRequestBuilder.swift; sourceTree = "<group>"; };
		D0EF6806299BB06100AD7E41 /* APIConstants.swift */ = {isa = PBXFileReference; lastKnownFileType = sourcecode.swift; path = APIConstants.swift; sourceTree = "<group>"; };
		D0EF6808299BB1F700AD7E41 /* NetworkError.swift */ = {isa = PBXFileReference; lastKnownFileType = sourcecode.swift; path = NetworkError.swift; sourceTree = "<group>"; };
		D0EF680C299BDE2400AD7E41 /* LoginService.swift */ = {isa = PBXFileReference; lastKnownFileType = sourcecode.swift; path = LoginService.swift; sourceTree = "<group>"; };
		D0EF680F299BDE8100AD7E41 /* LoginRequest.swift */ = {isa = PBXFileReference; lastKnownFileType = sourcecode.swift; path = LoginRequest.swift; sourceTree = "<group>"; };
		D0EF6812299BE9CF00AD7E41 /* APIToken.swift */ = {isa = PBXFileReference; lastKnownFileType = sourcecode.swift; path = APIToken.swift; sourceTree = "<group>"; };
		D0EF6814299BE9F300AD7E41 /* DataParser.swift */ = {isa = PBXFileReference; lastKnownFileType = sourcecode.swift; path = DataParser.swift; sourceTree = "<group>"; };
		D0EF681C299BFF4900AD7E41 /* AlertPresenter.swift */ = {isa = PBXFileReference; lastKnownFileType = sourcecode.swift; path = AlertPresenter.swift; sourceTree = "<group>"; };
		D0EF681F299C243C00AD7E41 /* Keychain.swift */ = {isa = PBXFileReference; lastKnownFileType = sourcecode.swift; path = Keychain.swift; sourceTree = "<group>"; };
		D0EF6821299C244500AD7E41 /* KeychainStorage.swift */ = {isa = PBXFileReference; lastKnownFileType = sourcecode.swift; path = KeychainStorage.swift; sourceTree = "<group>"; };
		D0EF6823299C24C400AD7E41 /* TokenStorage.swift */ = {isa = PBXFileReference; lastKnownFileType = sourcecode.swift; path = TokenStorage.swift; sourceTree = "<group>"; };
		D0EF6826299C253700AD7E41 /* KeychainData.swift */ = {isa = PBXFileReference; lastKnownFileType = sourcecode.swift; path = KeychainData.swift; sourceTree = "<group>"; };
		D0EF6828299C293200AD7E41 /* KeychainError.swift */ = {isa = PBXFileReference; lastKnownFileType = sourcecode.swift; path = KeychainError.swift; sourceTree = "<group>"; };
		D0EF682B299D387D00AD7E41 /* MainRouter.swift */ = {isa = PBXFileReference; lastKnownFileType = sourcecode.swift; path = MainRouter.swift; sourceTree = "<group>"; };
		D0EF682D299D388400AD7E41 /* LoginRouter.swift */ = {isa = PBXFileReference; lastKnownFileType = sourcecode.swift; path = LoginRouter.swift; sourceTree = "<group>"; };
/* End PBXFileReference section */

/* Begin PBXFrameworksBuildPhase section */
		D0EF654B299A976200AD7E41 /* Frameworks */ = {
			isa = PBXFrameworksBuildPhase;
			buildActionMask = 2147483647;
			files = (
				D0EF65BF299AA0B900AD7E41 /* testioAuth.framework in Frameworks */,
				D0EF659B299A9DC100AD7E41 /* testioCommon.framework in Frameworks */,
			);
			runOnlyForDeploymentPostprocessing = 0;
		};
		D0EF6561299A976400AD7E41 /* Frameworks */ = {
			isa = PBXFrameworksBuildPhase;
			buildActionMask = 2147483647;
			files = (
			);
			runOnlyForDeploymentPostprocessing = 0;
		};
		D0EF6585299A9DC000AD7E41 /* Frameworks */ = {
			isa = PBXFrameworksBuildPhase;
			buildActionMask = 2147483647;
			files = (
			);
			runOnlyForDeploymentPostprocessing = 0;
		};
		D0EF658C299A9DC100AD7E41 /* Frameworks */ = {
			isa = PBXFrameworksBuildPhase;
			buildActionMask = 2147483647;
			files = (
				D0EF6590299A9DC100AD7E41 /* testioCommon.framework in Frameworks */,
			);
			runOnlyForDeploymentPostprocessing = 0;
		};
		D0EF65A9299AA0B900AD7E41 /* Frameworks */ = {
			isa = PBXFrameworksBuildPhase;
			buildActionMask = 2147483647;
			files = (
				D0EF67E6299AA6FD00AD7E41 /* testioCommon.framework in Frameworks */,
			);
			runOnlyForDeploymentPostprocessing = 0;
		};
		D0EF65B0299AA0B900AD7E41 /* Frameworks */ = {
			isa = PBXFrameworksBuildPhase;
			buildActionMask = 2147483647;
			files = (
				D0EF65B4299AA0B900AD7E41 /* testioAuth.framework in Frameworks */,
			);
			runOnlyForDeploymentPostprocessing = 0;
		};
/* End PBXFrameworksBuildPhase section */

/* Begin PBXGroup section */
		D0EF6545299A976200AD7E41 = {
			isa = PBXGroup;
			children = (
				D0EF6550299A976200AD7E41 /* testio */,
				D0EF6567299A976400AD7E41 /* testioTests */,
				D0EF6589299A9DC000AD7E41 /* testioCommon */,
				D0EF6595299A9DC100AD7E41 /* testioCommonTests */,
				D0EF65AD299AA0B900AD7E41 /* testioAuth */,
				D0EF65B9299AA0B900AD7E41 /* testioAuthTests */,
				D0EF654F299A976200AD7E41 /* Products */,
				D0EF67E5299AA6FD00AD7E41 /* Frameworks */,
			);
			sourceTree = "<group>";
		};
		D0EF654F299A976200AD7E41 /* Products */ = {
			isa = PBXGroup;
			children = (
				D0EF654E299A976200AD7E41 /* testio.app */,
				D0EF6564299A976400AD7E41 /* testioTests.xctest */,
				D0EF6588299A9DC000AD7E41 /* testioCommon.framework */,
				D0EF658F299A9DC100AD7E41 /* testioCommonTests.xctest */,
				D0EF65AC299AA0B900AD7E41 /* testioAuth.framework */,
				D0EF65B3299AA0B900AD7E41 /* testioAuthTests.xctest */,
			);
			name = Products;
			sourceTree = "<group>";
		};
		D0EF6550299A976200AD7E41 /* testio */ = {
			isa = PBXGroup;
			children = (
				D0EF67EB299AA88100AD7E41 /* Sources */,
				D0EF6581299A9A7F00AD7E41 /* Resources */,
			);
			path = testio;
			sourceTree = "<group>";
		};
		D0EF6567299A976400AD7E41 /* testioTests */ = {
			isa = PBXGroup;
			children = (
				D0EF6568299A976400AD7E41 /* testioTests.swift */,
			);
			path = testioTests;
			sourceTree = "<group>";
		};
		D0EF6581299A9A7F00AD7E41 /* Resources */ = {
			isa = PBXGroup;
			children = (
				D0EF655F299A976400AD7E41 /* Info.plist */,
				D0EF655A299A976400AD7E41 /* Assets.xcassets */,
				D0EF655C299A976400AD7E41 /* LaunchScreen.storyboard */,
			);
			path = Resources;
			sourceTree = "<group>";
		};
		D0EF6582299A9ACB00AD7E41 /* Application */ = {
			isa = PBXGroup;
			children = (
				D0EF6551299A976200AD7E41 /* AppDelegate.swift */,
				D0EF6553299A976200AD7E41 /* SceneDelegate.swift */,
			);
			path = Application;
			sourceTree = "<group>";
		};
		D0EF6589299A9DC000AD7E41 /* testioCommon */ = {
			isa = PBXGroup;
			children = (
				D0EF681E299C242700AD7E41 /* Storage */,
				D0EF681B299BFF3F00AD7E41 /* Presenters */,
				D0EF67FC299BA43F00AD7E41 /* Networking */,
				D0EF67F3299AC98F00AD7E41 /* Extensions */,
				D0EF67EF299AC4A100AD7E41 /* Components */,
				D0EF67E1299AA66D00AD7E41 /* Helpers */,
				D0EF65A6299AA01100AD7E41 /* Supporting files */,
			);
			path = testioCommon;
			sourceTree = "<group>";
		};
		D0EF6595299A9DC100AD7E41 /* testioCommonTests */ = {
			isa = PBXGroup;
			children = (
				D0EF6596299A9DC100AD7E41 /* testioCommonTests.swift */,
			);
			path = testioCommonTests;
			sourceTree = "<group>";
		};
		D0EF65A6299AA01100AD7E41 /* Supporting files */ = {
			isa = PBXGroup;
			children = (
				D0EF658A299A9DC000AD7E41 /* testioCommon.h */,
			);
			path = "Supporting files";
			sourceTree = "<group>";
		};
		D0EF65AD299AA0B900AD7E41 /* testioAuth */ = {
			isa = PBXGroup;
			children = (
				D0EF65C8299AA1E400AD7E41 /* Sources */,
				D0EF65C7299AA0C100AD7E41 /* Supporting files */,
			);
			path = testioAuth;
			sourceTree = "<group>";
		};
		D0EF65B9299AA0B900AD7E41 /* testioAuthTests */ = {
			isa = PBXGroup;
			children = (
				D0EF65BA299AA0B900AD7E41 /* testioAuthTests.swift */,
			);
			path = testioAuthTests;
			sourceTree = "<group>";
		};
		D0EF65C7299AA0C100AD7E41 /* Supporting files */ = {
			isa = PBXGroup;
			children = (
				D0EF65AE299AA0B900AD7E41 /* testioAuth.h */,
			);
			path = "Supporting files";
			sourceTree = "<group>";
		};
		D0EF65C8299AA1E400AD7E41 /* Sources */ = {
			isa = PBXGroup;
			children = (
				D0EF680A299BDE1300AD7E41 /* Services */,
				D0EF65C9299AA1F200AD7E41 /* Screens */,
			);
			path = Sources;
			sourceTree = "<group>";
		};
		D0EF65C9299AA1F200AD7E41 /* Screens */ = {
			isa = PBXGroup;
			children = (
				D0EF65CA299AA1FA00AD7E41 /* Login */,
			);
			path = Screens;
			sourceTree = "<group>";
		};
		D0EF65CA299AA1FA00AD7E41 /* Login */ = {
			isa = PBXGroup;
			children = (
				D0EF65D3299AA2CF00AD7E41 /* LoginFactory.swift */,
				D0EF65CD299AA21C00AD7E41 /* LoginInteractor.swift */,
				D0EF65CF299AA22300AD7E41 /* LoginPresenter.swift */,
				D0EF65D1299AA22900AD7E41 /* LoginRouting.swift */,
				D0EF65CB299AA20400AD7E41 /* LoginView.swift */,
				D0EF65D5299AA44700AD7E41 /* LoginViewController.swift */,
			);
			path = Login;
			sourceTree = "<group>";
		};
		D0EF67E1299AA66D00AD7E41 /* Helpers */ = {
			isa = PBXGroup;
			children = (
				D0EF67E2299AA6E500AD7E41 /* Protocols */,
			);
			path = Helpers;
			sourceTree = "<group>";
		};
		D0EF67E2299AA6E500AD7E41 /* Protocols */ = {
			isa = PBXGroup;
			children = (
				D0EF67E3299AA6F300AD7E41 /* HasCustomView.swift */,
			);
			path = Protocols;
			sourceTree = "<group>";
		};
		D0EF67E5299AA6FD00AD7E41 /* Frameworks */ = {
			isa = PBXGroup;
			children = (
			);
			name = Frameworks;
			sourceTree = "<group>";
		};
		D0EF67EB299AA88100AD7E41 /* Sources */ = {
			isa = PBXGroup;
			children = (
				D0EF682A299D386900AD7E41 /* Routing */,
				D0EF6582299A9ACB00AD7E41 /* Application */,
			);
			path = Sources;
			sourceTree = "<group>";
		};
		D0EF67EF299AC4A100AD7E41 /* Components */ = {
			isa = PBXGroup;
			children = (
				D0EF67F0299AC4A900AD7E41 /* Views */,
			);
			path = Components;
			sourceTree = "<group>";
		};
		D0EF67F0299AC4A900AD7E41 /* Views */ = {
			isa = PBXGroup;
			children = (
				D0EF67F1299AC4B300AD7E41 /* LogoView.swift */,
				D0EF67FA299AD39B00AD7E41 /* IconTextField.swift */,
			);
			path = Views;
			sourceTree = "<group>";
		};
		D0EF67F3299AC98F00AD7E41 /* Extensions */ = {
			isa = PBXGroup;
			children = (
				D0EF67F4299AC99A00AD7E41 /* UIColor+Testio.swift */,
				D0EF67F6299ACCC500AD7E41 /* UIView+CornerRadius.swift */,
				D0EF67F8299AD32500AD7E41 /* UITextField+LeftImage.swift */,
			);
			path = Extensions;
			sourceTree = "<group>";
		};
		D0EF67FC299BA43F00AD7E41 /* Networking */ = {
			isa = PBXGroup;
			children = (
				D0EF6811299BE9C100AD7E41 /* Model */,
				D0EF6805299BB05700AD7E41 /* Helpers */,
				D0EF6800299BA5CE00AD7E41 /* Request */,
				D0EF67FD299BA57000AD7E41 /* Core */,
			);
			path = Networking;
			sourceTree = "<group>";
		};
		D0EF67FD299BA57000AD7E41 /* Core */ = {
			isa = PBXGroup;
			children = (
				D0EF67FE299BA57B00AD7E41 /* APIClient.swift */,
				D0EF6814299BE9F300AD7E41 /* DataParser.swift */,
			);
			path = Core;
			sourceTree = "<group>";
		};
		D0EF6800299BA5CE00AD7E41 /* Request */ = {
			isa = PBXGroup;
			children = (
				D0EF680E299BDE7600AD7E41 /* Login */,
				D0EF6801299BA63100AD7E41 /* APIRequest.swift */,
				D0EF6803299BA8B000AD7E41 /* URLRequestBuilder.swift */,
			);
			path = Request;
			sourceTree = "<group>";
		};
		D0EF6805299BB05700AD7E41 /* Helpers */ = {
			isa = PBXGroup;
			children = (
				D0EF6806299BB06100AD7E41 /* APIConstants.swift */,
				D0EF6808299BB1F700AD7E41 /* NetworkError.swift */,
			);
			path = Helpers;
			sourceTree = "<group>";
		};
		D0EF680A299BDE1300AD7E41 /* Services */ = {
			isa = PBXGroup;
			children = (
				D0EF680B299BDE1B00AD7E41 /* Login */,
			);
			path = Services;
			sourceTree = "<group>";
		};
		D0EF680B299BDE1B00AD7E41 /* Login */ = {
			isa = PBXGroup;
			children = (
				D0EF680C299BDE2400AD7E41 /* LoginService.swift */,
			);
			path = Login;
			sourceTree = "<group>";
		};
		D0EF680E299BDE7600AD7E41 /* Login */ = {
			isa = PBXGroup;
			children = (
				D0EF680F299BDE8100AD7E41 /* LoginRequest.swift */,
			);
			path = Login;
			sourceTree = "<group>";
		};
		D0EF6811299BE9C100AD7E41 /* Model */ = {
			isa = PBXGroup;
			children = (
				D0EF6812299BE9CF00AD7E41 /* APIToken.swift */,
			);
			path = Model;
			sourceTree = "<group>";
		};
		D0EF681B299BFF3F00AD7E41 /* Presenters */ = {
			isa = PBXGroup;
			children = (
				D0EF681C299BFF4900AD7E41 /* AlertPresenter.swift */,
			);
			path = Presenters;
			sourceTree = "<group>";
		};
		D0EF681E299C242700AD7E41 /* Storage */ = {
			isa = PBXGroup;
			children = (
				D0EF6825299C252000AD7E41 /* Keychain */,
				D0EF6821299C244500AD7E41 /* KeychainStorage.swift */,
				D0EF6823299C24C400AD7E41 /* TokenStorage.swift */,
			);
			path = Storage;
			sourceTree = "<group>";
		};
		D0EF6825299C252000AD7E41 /* Keychain */ = {
			isa = PBXGroup;
			children = (
				D0EF681F299C243C00AD7E41 /* Keychain.swift */,
				D0EF6826299C253700AD7E41 /* KeychainData.swift */,
				D0EF6828299C293200AD7E41 /* KeychainError.swift */,
			);
			path = Keychain;
			sourceTree = "<group>";
		};
		D0EF682A299D386900AD7E41 /* Routing */ = {
			isa = PBXGroup;
			children = (
				D0EF682B299D387D00AD7E41 /* MainRouter.swift */,
				D0EF682D299D388400AD7E41 /* LoginRouter.swift */,
			);
			path = Routing;
			sourceTree = "<group>";
		};
/* End PBXGroup section */

/* Begin PBXHeadersBuildPhase section */
		D0EF6583299A9DC000AD7E41 /* Headers */ = {
			isa = PBXHeadersBuildPhase;
			buildActionMask = 2147483647;
			files = (
				D0EF6598299A9DC100AD7E41 /* testioCommon.h in Headers */,
			);
			runOnlyForDeploymentPostprocessing = 0;
		};
		D0EF65A7299AA0B900AD7E41 /* Headers */ = {
			isa = PBXHeadersBuildPhase;
			buildActionMask = 2147483647;
			files = (
				D0EF65BC299AA0B900AD7E41 /* testioAuth.h in Headers */,
			);
			runOnlyForDeploymentPostprocessing = 0;
		};
/* End PBXHeadersBuildPhase section */

/* Begin PBXNativeTarget section */
		D0EF654D299A976200AD7E41 /* testio */ = {
			isa = PBXNativeTarget;
			buildConfigurationList = D0EF6578299A976400AD7E41 /* Build configuration list for PBXNativeTarget "testio" */;
			buildPhases = (
				D0EF654A299A976200AD7E41 /* Sources */,
				D0EF654B299A976200AD7E41 /* Frameworks */,
				D0EF654C299A976200AD7E41 /* Resources */,
				D0EF65A0299A9DC100AD7E41 /* Embed Frameworks */,
			);
			buildRules = (
			);
			dependencies = (
				D0EF659A299A9DC100AD7E41 /* PBXTargetDependency */,
				D0EF65BE299AA0B900AD7E41 /* PBXTargetDependency */,
			);
			name = testio;
			productName = testio;
			productReference = D0EF654E299A976200AD7E41 /* testio.app */;
			productType = "com.apple.product-type.application";
		};
		D0EF6563299A976400AD7E41 /* testioTests */ = {
			isa = PBXNativeTarget;
			buildConfigurationList = D0EF657B299A976400AD7E41 /* Build configuration list for PBXNativeTarget "testioTests" */;
			buildPhases = (
				D0EF6560299A976400AD7E41 /* Sources */,
				D0EF6561299A976400AD7E41 /* Frameworks */,
				D0EF6562299A976400AD7E41 /* Resources */,
			);
			buildRules = (
			);
			dependencies = (
				D0EF6566299A976400AD7E41 /* PBXTargetDependency */,
			);
			name = testioTests;
			productName = testioTests;
			productReference = D0EF6564299A976400AD7E41 /* testioTests.xctest */;
			productType = "com.apple.product-type.bundle.unit-test";
		};
		D0EF6587299A9DC000AD7E41 /* testioCommon */ = {
			isa = PBXNativeTarget;
			buildConfigurationList = D0EF659D299A9DC100AD7E41 /* Build configuration list for PBXNativeTarget "testioCommon" */;
			buildPhases = (
				D0EF6583299A9DC000AD7E41 /* Headers */,
				D0EF6584299A9DC000AD7E41 /* Sources */,
				D0EF6585299A9DC000AD7E41 /* Frameworks */,
				D0EF6586299A9DC000AD7E41 /* Resources */,
			);
			buildRules = (
			);
			dependencies = (
			);
			name = testioCommon;
			productName = testioCommon;
			productReference = D0EF6588299A9DC000AD7E41 /* testioCommon.framework */;
			productType = "com.apple.product-type.framework";
		};
		D0EF658E299A9DC100AD7E41 /* testioCommonTests */ = {
			isa = PBXNativeTarget;
			buildConfigurationList = D0EF65A1299A9DC100AD7E41 /* Build configuration list for PBXNativeTarget "testioCommonTests" */;
			buildPhases = (
				D0EF658B299A9DC100AD7E41 /* Sources */,
				D0EF658C299A9DC100AD7E41 /* Frameworks */,
				D0EF658D299A9DC100AD7E41 /* Resources */,
			);
			buildRules = (
			);
			dependencies = (
				D0EF6592299A9DC100AD7E41 /* PBXTargetDependency */,
				D0EF6594299A9DC100AD7E41 /* PBXTargetDependency */,
			);
			name = testioCommonTests;
			productName = testioCommonTests;
			productReference = D0EF658F299A9DC100AD7E41 /* testioCommonTests.xctest */;
			productType = "com.apple.product-type.bundle.unit-test";
		};
		D0EF65AB299AA0B900AD7E41 /* testioAuth */ = {
			isa = PBXNativeTarget;
			buildConfigurationList = D0EF65C1299AA0BA00AD7E41 /* Build configuration list for PBXNativeTarget "testioAuth" */;
			buildPhases = (
				D0EF65A7299AA0B900AD7E41 /* Headers */,
				D0EF65A8299AA0B900AD7E41 /* Sources */,
				D0EF65A9299AA0B900AD7E41 /* Frameworks */,
				D0EF65AA299AA0B900AD7E41 /* Resources */,
			);
			buildRules = (
			);
			dependencies = (
				D0EF67E9299AA6FD00AD7E41 /* PBXTargetDependency */,
			);
			name = testioAuth;
			productName = testioAuth;
			productReference = D0EF65AC299AA0B900AD7E41 /* testioAuth.framework */;
			productType = "com.apple.product-type.framework";
		};
		D0EF65B2299AA0B900AD7E41 /* testioAuthTests */ = {
			isa = PBXNativeTarget;
			buildConfigurationList = D0EF65C4299AA0BA00AD7E41 /* Build configuration list for PBXNativeTarget "testioAuthTests" */;
			buildPhases = (
				D0EF65AF299AA0B900AD7E41 /* Sources */,
				D0EF65B0299AA0B900AD7E41 /* Frameworks */,
				D0EF65B1299AA0B900AD7E41 /* Resources */,
			);
			buildRules = (
			);
			dependencies = (
				D0EF65B6299AA0B900AD7E41 /* PBXTargetDependency */,
				D0EF65B8299AA0B900AD7E41 /* PBXTargetDependency */,
			);
			name = testioAuthTests;
			productName = testioAuthTests;
			productReference = D0EF65B3299AA0B900AD7E41 /* testioAuthTests.xctest */;
			productType = "com.apple.product-type.bundle.unit-test";
		};
/* End PBXNativeTarget section */

/* Begin PBXProject section */
		D0EF6546299A976200AD7E41 /* Project object */ = {
			isa = PBXProject;
			attributes = {
				BuildIndependentTargetsInParallel = 1;
				LastSwiftUpdateCheck = 1420;
				LastUpgradeCheck = 1420;
				TargetAttributes = {
					D0EF654D299A976200AD7E41 = {
						CreatedOnToolsVersion = 14.2;
					};
					D0EF6563299A976400AD7E41 = {
						CreatedOnToolsVersion = 14.2;
						TestTargetID = D0EF654D299A976200AD7E41;
					};
					D0EF6587299A9DC000AD7E41 = {
						CreatedOnToolsVersion = 14.2;
						LastSwiftMigration = 1420;
					};
					D0EF658E299A9DC100AD7E41 = {
						CreatedOnToolsVersion = 14.2;
						TestTargetID = D0EF654D299A976200AD7E41;
					};
					D0EF65AB299AA0B900AD7E41 = {
						CreatedOnToolsVersion = 14.2;
						LastSwiftMigration = 1420;
					};
					D0EF65B2299AA0B900AD7E41 = {
						CreatedOnToolsVersion = 14.2;
						TestTargetID = D0EF654D299A976200AD7E41;
					};
				};
			};
			buildConfigurationList = D0EF6549299A976200AD7E41 /* Build configuration list for PBXProject "testio" */;
			compatibilityVersion = "Xcode 14.0";
			developmentRegion = en;
			hasScannedForEncodings = 0;
			knownRegions = (
				en,
				Base,
			);
			mainGroup = D0EF6545299A976200AD7E41;
			productRefGroup = D0EF654F299A976200AD7E41 /* Products */;
			projectDirPath = "";
			projectRoot = "";
			targets = (
				D0EF654D299A976200AD7E41 /* testio */,
				D0EF6563299A976400AD7E41 /* testioTests */,
				D0EF6587299A9DC000AD7E41 /* testioCommon */,
				D0EF658E299A9DC100AD7E41 /* testioCommonTests */,
				D0EF65AB299AA0B900AD7E41 /* testioAuth */,
				D0EF65B2299AA0B900AD7E41 /* testioAuthTests */,
			);
		};
/* End PBXProject section */

/* Begin PBXResourcesBuildPhase section */
		D0EF654C299A976200AD7E41 /* Resources */ = {
			isa = PBXResourcesBuildPhase;
			buildActionMask = 2147483647;
			files = (
				D0EF655E299A976400AD7E41 /* LaunchScreen.storyboard in Resources */,
				D0EF655B299A976400AD7E41 /* Assets.xcassets in Resources */,
			);
			runOnlyForDeploymentPostprocessing = 0;
		};
		D0EF6562299A976400AD7E41 /* Resources */ = {
			isa = PBXResourcesBuildPhase;
			buildActionMask = 2147483647;
			files = (
			);
			runOnlyForDeploymentPostprocessing = 0;
		};
		D0EF6586299A9DC000AD7E41 /* Resources */ = {
			isa = PBXResourcesBuildPhase;
			buildActionMask = 2147483647;
			files = (
			);
			runOnlyForDeploymentPostprocessing = 0;
		};
		D0EF658D299A9DC100AD7E41 /* Resources */ = {
			isa = PBXResourcesBuildPhase;
			buildActionMask = 2147483647;
			files = (
			);
			runOnlyForDeploymentPostprocessing = 0;
		};
		D0EF65AA299AA0B900AD7E41 /* Resources */ = {
			isa = PBXResourcesBuildPhase;
			buildActionMask = 2147483647;
			files = (
			);
			runOnlyForDeploymentPostprocessing = 0;
		};
		D0EF65B1299AA0B900AD7E41 /* Resources */ = {
			isa = PBXResourcesBuildPhase;
			buildActionMask = 2147483647;
			files = (
			);
			runOnlyForDeploymentPostprocessing = 0;
		};
/* End PBXResourcesBuildPhase section */

/* Begin PBXSourcesBuildPhase section */
		D0EF654A299A976200AD7E41 /* Sources */ = {
			isa = PBXSourcesBuildPhase;
			buildActionMask = 2147483647;
			files = (
				D0EF682C299D387D00AD7E41 /* MainRouter.swift in Sources */,
				D0EF6552299A976200AD7E41 /* AppDelegate.swift in Sources */,
				D0EF682E299D388400AD7E41 /* LoginRouter.swift in Sources */,
				D0EF6554299A976200AD7E41 /* SceneDelegate.swift in Sources */,
			);
			runOnlyForDeploymentPostprocessing = 0;
		};
		D0EF6560299A976400AD7E41 /* Sources */ = {
			isa = PBXSourcesBuildPhase;
			buildActionMask = 2147483647;
			files = (
				D0EF6569299A976400AD7E41 /* testioTests.swift in Sources */,
			);
			runOnlyForDeploymentPostprocessing = 0;
		};
		D0EF6584299A9DC000AD7E41 /* Sources */ = {
			isa = PBXSourcesBuildPhase;
			buildActionMask = 2147483647;
			files = (
				D0EF67E4299AA6F300AD7E41 /* HasCustomView.swift in Sources */,
				D0EF67FF299BA57B00AD7E41 /* APIClient.swift in Sources */,
				D0EF6827299C253700AD7E41 /* KeychainData.swift in Sources */,
				D0EF6804299BA8B000AD7E41 /* URLRequestBuilder.swift in Sources */,
				D0EF6810299BDE8100AD7E41 /* LoginRequest.swift in Sources */,
				D0EF6822299C244500AD7E41 /* KeychainStorage.swift in Sources */,
				D0EF6813299BE9CF00AD7E41 /* APIToken.swift in Sources */,
				D0EF6820299C243C00AD7E41 /* Keychain.swift in Sources */,
				D0EF6824299C24C400AD7E41 /* TokenStorage.swift in Sources */,
				D0EF681D299BFF4900AD7E41 /* AlertPresenter.swift in Sources */,
				D0EF67F7299ACCC500AD7E41 /* UIView+CornerRadius.swift in Sources */,
				D0EF67FB299AD39B00AD7E41 /* IconTextField.swift in Sources */,
				D0EF67F5299AC99A00AD7E41 /* UIColor+Testio.swift in Sources */,
				D0EF6807299BB06100AD7E41 /* APIConstants.swift in Sources */,
				D0EF67F9299AD32500AD7E41 /* UITextField+LeftImage.swift in Sources */,
				D0EF6802299BA63100AD7E41 /* APIRequest.swift in Sources */,
				D0EF6829299C293200AD7E41 /* KeychainError.swift in Sources */,
				D0EF6809299BB1F700AD7E41 /* NetworkError.swift in Sources */,
				D0EF6815299BE9F300AD7E41 /* DataParser.swift in Sources */,
				D0EF67F2299AC4B300AD7E41 /* LogoView.swift in Sources */,
			);
			runOnlyForDeploymentPostprocessing = 0;
		};
		D0EF658B299A9DC100AD7E41 /* Sources */ = {
			isa = PBXSourcesBuildPhase;
			buildActionMask = 2147483647;
			files = (
				D0EF6597299A9DC100AD7E41 /* testioCommonTests.swift in Sources */,
			);
			runOnlyForDeploymentPostprocessing = 0;
		};
		D0EF65A8299AA0B900AD7E41 /* Sources */ = {
			isa = PBXSourcesBuildPhase;
			buildActionMask = 2147483647;
			files = (
				D0EF65D6299AA44700AD7E41 /* LoginViewController.swift in Sources */,
				D0EF65D0299AA22300AD7E41 /* LoginPresenter.swift in Sources */,
				D0EF65CE299AA21C00AD7E41 /* LoginInteractor.swift in Sources */,
				D0EF65D2299AA22900AD7E41 /* LoginRouting.swift in Sources */,
				D0EF65CC299AA20400AD7E41 /* LoginView.swift in Sources */,
				D0EF65D4299AA2CF00AD7E41 /* LoginFactory.swift in Sources */,
				D0EF680D299BDE2400AD7E41 /* LoginService.swift in Sources */,
			);
			runOnlyForDeploymentPostprocessing = 0;
		};
		D0EF65AF299AA0B900AD7E41 /* Sources */ = {
			isa = PBXSourcesBuildPhase;
			buildActionMask = 2147483647;
			files = (
				D0EF65BB299AA0B900AD7E41 /* testioAuthTests.swift in Sources */,
			);
			runOnlyForDeploymentPostprocessing = 0;
		};
/* End PBXSourcesBuildPhase section */

/* Begin PBXTargetDependency section */
		D0EF6566299A976400AD7E41 /* PBXTargetDependency */ = {
			isa = PBXTargetDependency;
			target = D0EF654D299A976200AD7E41 /* testio */;
			targetProxy = D0EF6565299A976400AD7E41 /* PBXContainerItemProxy */;
		};
		D0EF6592299A9DC100AD7E41 /* PBXTargetDependency */ = {
			isa = PBXTargetDependency;
			target = D0EF6587299A9DC000AD7E41 /* testioCommon */;
			targetProxy = D0EF6591299A9DC100AD7E41 /* PBXContainerItemProxy */;
		};
		D0EF6594299A9DC100AD7E41 /* PBXTargetDependency */ = {
			isa = PBXTargetDependency;
			target = D0EF654D299A976200AD7E41 /* testio */;
			targetProxy = D0EF6593299A9DC100AD7E41 /* PBXContainerItemProxy */;
		};
		D0EF659A299A9DC100AD7E41 /* PBXTargetDependency */ = {
			isa = PBXTargetDependency;
			target = D0EF6587299A9DC000AD7E41 /* testioCommon */;
			targetProxy = D0EF6599299A9DC100AD7E41 /* PBXContainerItemProxy */;
		};
		D0EF65B6299AA0B900AD7E41 /* PBXTargetDependency */ = {
			isa = PBXTargetDependency;
			target = D0EF65AB299AA0B900AD7E41 /* testioAuth */;
			targetProxy = D0EF65B5299AA0B900AD7E41 /* PBXContainerItemProxy */;
		};
		D0EF65B8299AA0B900AD7E41 /* PBXTargetDependency */ = {
			isa = PBXTargetDependency;
			target = D0EF654D299A976200AD7E41 /* testio */;
			targetProxy = D0EF65B7299AA0B900AD7E41 /* PBXContainerItemProxy */;
		};
		D0EF65BE299AA0B900AD7E41 /* PBXTargetDependency */ = {
			isa = PBXTargetDependency;
			target = D0EF65AB299AA0B900AD7E41 /* testioAuth */;
			targetProxy = D0EF65BD299AA0B900AD7E41 /* PBXContainerItemProxy */;
		};
		D0EF67E9299AA6FD00AD7E41 /* PBXTargetDependency */ = {
			isa = PBXTargetDependency;
			target = D0EF6587299A9DC000AD7E41 /* testioCommon */;
			targetProxy = D0EF67E8299AA6FD00AD7E41 /* PBXContainerItemProxy */;
		};
/* End PBXTargetDependency section */

/* Begin PBXVariantGroup section */
		D0EF655C299A976400AD7E41 /* LaunchScreen.storyboard */ = {
			isa = PBXVariantGroup;
			children = (
				D0EF655D299A976400AD7E41 /* Base */,
			);
			name = LaunchScreen.storyboard;
			sourceTree = "<group>";
		};
/* End PBXVariantGroup section */

/* Begin XCBuildConfiguration section */
		D0EF6576299A976400AD7E41 /* Debug */ = {
			isa = XCBuildConfiguration;
			buildSettings = {
				ALWAYS_SEARCH_USER_PATHS = NO;
				CLANG_ANALYZER_NONNULL = YES;
				CLANG_ANALYZER_NUMBER_OBJECT_CONVERSION = YES_AGGRESSIVE;
				CLANG_CXX_LANGUAGE_STANDARD = "gnu++20";
				CLANG_ENABLE_MODULES = YES;
				CLANG_ENABLE_OBJC_ARC = YES;
				CLANG_ENABLE_OBJC_WEAK = YES;
				CLANG_WARN_BLOCK_CAPTURE_AUTORELEASING = YES;
				CLANG_WARN_BOOL_CONVERSION = YES;
				CLANG_WARN_COMMA = YES;
				CLANG_WARN_CONSTANT_CONVERSION = YES;
				CLANG_WARN_DEPRECATED_OBJC_IMPLEMENTATIONS = YES;
				CLANG_WARN_DIRECT_OBJC_ISA_USAGE = YES_ERROR;
				CLANG_WARN_DOCUMENTATION_COMMENTS = YES;
				CLANG_WARN_EMPTY_BODY = YES;
				CLANG_WARN_ENUM_CONVERSION = YES;
				CLANG_WARN_INFINITE_RECURSION = YES;
				CLANG_WARN_INT_CONVERSION = YES;
				CLANG_WARN_NON_LITERAL_NULL_CONVERSION = YES;
				CLANG_WARN_OBJC_IMPLICIT_RETAIN_SELF = YES;
				CLANG_WARN_OBJC_LITERAL_CONVERSION = YES;
				CLANG_WARN_OBJC_ROOT_CLASS = YES_ERROR;
				CLANG_WARN_QUOTED_INCLUDE_IN_FRAMEWORK_HEADER = YES;
				CLANG_WARN_RANGE_LOOP_ANALYSIS = YES;
				CLANG_WARN_STRICT_PROTOTYPES = YES;
				CLANG_WARN_SUSPICIOUS_MOVE = YES;
				CLANG_WARN_UNGUARDED_AVAILABILITY = YES_AGGRESSIVE;
				CLANG_WARN_UNREACHABLE_CODE = YES;
				CLANG_WARN__DUPLICATE_METHOD_MATCH = YES;
				COPY_PHASE_STRIP = NO;
				DEBUG_INFORMATION_FORMAT = dwarf;
				ENABLE_STRICT_OBJC_MSGSEND = YES;
				ENABLE_TESTABILITY = YES;
				GCC_C_LANGUAGE_STANDARD = gnu11;
				GCC_DYNAMIC_NO_PIC = NO;
				GCC_NO_COMMON_BLOCKS = YES;
				GCC_OPTIMIZATION_LEVEL = 0;
				GCC_PREPROCESSOR_DEFINITIONS = (
					"DEBUG=1",
					"$(inherited)",
				);
				GCC_WARN_64_TO_32_BIT_CONVERSION = YES;
				GCC_WARN_ABOUT_RETURN_TYPE = YES_ERROR;
				GCC_WARN_UNDECLARED_SELECTOR = YES;
				GCC_WARN_UNINITIALIZED_AUTOS = YES_AGGRESSIVE;
				GCC_WARN_UNUSED_FUNCTION = YES;
				GCC_WARN_UNUSED_VARIABLE = YES;
				IPHONEOS_DEPLOYMENT_TARGET = 16.2;
				MTL_ENABLE_DEBUG_INFO = INCLUDE_SOURCE;
				MTL_FAST_MATH = YES;
				ONLY_ACTIVE_ARCH = YES;
				SDKROOT = iphoneos;
				SWIFT_ACTIVE_COMPILATION_CONDITIONS = DEBUG;
				SWIFT_OPTIMIZATION_LEVEL = "-Onone";
			};
			name = Debug;
		};
		D0EF6577299A976400AD7E41 /* Release */ = {
			isa = XCBuildConfiguration;
			buildSettings = {
				ALWAYS_SEARCH_USER_PATHS = NO;
				CLANG_ANALYZER_NONNULL = YES;
				CLANG_ANALYZER_NUMBER_OBJECT_CONVERSION = YES_AGGRESSIVE;
				CLANG_CXX_LANGUAGE_STANDARD = "gnu++20";
				CLANG_ENABLE_MODULES = YES;
				CLANG_ENABLE_OBJC_ARC = YES;
				CLANG_ENABLE_OBJC_WEAK = YES;
				CLANG_WARN_BLOCK_CAPTURE_AUTORELEASING = YES;
				CLANG_WARN_BOOL_CONVERSION = YES;
				CLANG_WARN_COMMA = YES;
				CLANG_WARN_CONSTANT_CONVERSION = YES;
				CLANG_WARN_DEPRECATED_OBJC_IMPLEMENTATIONS = YES;
				CLANG_WARN_DIRECT_OBJC_ISA_USAGE = YES_ERROR;
				CLANG_WARN_DOCUMENTATION_COMMENTS = YES;
				CLANG_WARN_EMPTY_BODY = YES;
				CLANG_WARN_ENUM_CONVERSION = YES;
				CLANG_WARN_INFINITE_RECURSION = YES;
				CLANG_WARN_INT_CONVERSION = YES;
				CLANG_WARN_NON_LITERAL_NULL_CONVERSION = YES;
				CLANG_WARN_OBJC_IMPLICIT_RETAIN_SELF = YES;
				CLANG_WARN_OBJC_LITERAL_CONVERSION = YES;
				CLANG_WARN_OBJC_ROOT_CLASS = YES_ERROR;
				CLANG_WARN_QUOTED_INCLUDE_IN_FRAMEWORK_HEADER = YES;
				CLANG_WARN_RANGE_LOOP_ANALYSIS = YES;
				CLANG_WARN_STRICT_PROTOTYPES = YES;
				CLANG_WARN_SUSPICIOUS_MOVE = YES;
				CLANG_WARN_UNGUARDED_AVAILABILITY = YES_AGGRESSIVE;
				CLANG_WARN_UNREACHABLE_CODE = YES;
				CLANG_WARN__DUPLICATE_METHOD_MATCH = YES;
				COPY_PHASE_STRIP = NO;
				DEBUG_INFORMATION_FORMAT = "dwarf-with-dsym";
				ENABLE_NS_ASSERTIONS = NO;
				ENABLE_STRICT_OBJC_MSGSEND = YES;
				GCC_C_LANGUAGE_STANDARD = gnu11;
				GCC_NO_COMMON_BLOCKS = YES;
				GCC_WARN_64_TO_32_BIT_CONVERSION = YES;
				GCC_WARN_ABOUT_RETURN_TYPE = YES_ERROR;
				GCC_WARN_UNDECLARED_SELECTOR = YES;
				GCC_WARN_UNINITIALIZED_AUTOS = YES_AGGRESSIVE;
				GCC_WARN_UNUSED_FUNCTION = YES;
				GCC_WARN_UNUSED_VARIABLE = YES;
				IPHONEOS_DEPLOYMENT_TARGET = 16.2;
				MTL_ENABLE_DEBUG_INFO = NO;
				MTL_FAST_MATH = YES;
				SDKROOT = iphoneos;
				SWIFT_COMPILATION_MODE = wholemodule;
				SWIFT_OPTIMIZATION_LEVEL = "-O";
				VALIDATE_PRODUCT = YES;
			};
			name = Release;
		};
		D0EF6579299A976400AD7E41 /* Debug */ = {
			isa = XCBuildConfiguration;
			buildSettings = {
				ALWAYS_EMBED_SWIFT_STANDARD_LIBRARIES = YES;
				ASSETCATALOG_COMPILER_APPICON_NAME = AppIcon;
				ASSETCATALOG_COMPILER_GLOBAL_ACCENT_COLOR_NAME = AccentColor;
				CODE_SIGN_STYLE = Automatic;
				CURRENT_PROJECT_VERSION = 1;
				DEVELOPMENT_TEAM = D355Q3YZEV;
				GENERATE_INFOPLIST_FILE = YES;
				INFOPLIST_FILE = testio/Resources/Info.plist;
				INFOPLIST_KEY_UIApplicationSupportsIndirectInputEvents = YES;
				INFOPLIST_KEY_UILaunchStoryboardName = LaunchScreen;
				INFOPLIST_KEY_UISupportedInterfaceOrientations = UIInterfaceOrientationPortrait;
				IPHONEOS_DEPLOYMENT_TARGET = 15.0;
				LD_RUNPATH_SEARCH_PATHS = (
					"$(inherited)",
					"@executable_path/Frameworks",
				);
				MARKETING_VERSION = 1.0;
				PRODUCT_BUNDLE_IDENTIFIER = PG.testio;
				PRODUCT_NAME = "$(TARGET_NAME)";
				SWIFT_EMIT_LOC_STRINGS = YES;
				SWIFT_VERSION = 5.0;
				TARGETED_DEVICE_FAMILY = "1,2";
			};
			name = Debug;
		};
		D0EF657A299A976400AD7E41 /* Release */ = {
			isa = XCBuildConfiguration;
			buildSettings = {
				ALWAYS_EMBED_SWIFT_STANDARD_LIBRARIES = YES;
				ASSETCATALOG_COMPILER_APPICON_NAME = AppIcon;
				ASSETCATALOG_COMPILER_GLOBAL_ACCENT_COLOR_NAME = AccentColor;
				CODE_SIGN_STYLE = Automatic;
				CURRENT_PROJECT_VERSION = 1;
				DEVELOPMENT_TEAM = D355Q3YZEV;
				GENERATE_INFOPLIST_FILE = YES;
				INFOPLIST_FILE = testio/Resources/Info.plist;
				INFOPLIST_KEY_UIApplicationSupportsIndirectInputEvents = YES;
				INFOPLIST_KEY_UILaunchStoryboardName = LaunchScreen;
				INFOPLIST_KEY_UISupportedInterfaceOrientations = UIInterfaceOrientationPortrait;
				IPHONEOS_DEPLOYMENT_TARGET = 15.0;
				LD_RUNPATH_SEARCH_PATHS = (
					"$(inherited)",
					"@executable_path/Frameworks",
				);
				MARKETING_VERSION = 1.0;
				PRODUCT_BUNDLE_IDENTIFIER = PG.testio;
				PRODUCT_NAME = "$(TARGET_NAME)";
				SWIFT_EMIT_LOC_STRINGS = YES;
				SWIFT_VERSION = 5.0;
				TARGETED_DEVICE_FAMILY = "1,2";
			};
			name = Release;
		};
		D0EF657C299A976400AD7E41 /* Debug */ = {
			isa = XCBuildConfiguration;
			buildSettings = {
				ALWAYS_EMBED_SWIFT_STANDARD_LIBRARIES = YES;
				BUNDLE_LOADER = "$(TEST_HOST)";
				CODE_SIGN_STYLE = Automatic;
				CURRENT_PROJECT_VERSION = 1;
				DEVELOPMENT_TEAM = D355Q3YZEV;
				GENERATE_INFOPLIST_FILE = YES;
				IPHONEOS_DEPLOYMENT_TARGET = 16.2;
				MARKETING_VERSION = 1.0;
				PRODUCT_BUNDLE_IDENTIFIER = PG.testioTests;
				PRODUCT_NAME = "$(TARGET_NAME)";
				SWIFT_EMIT_LOC_STRINGS = NO;
				SWIFT_VERSION = 5.0;
				TARGETED_DEVICE_FAMILY = "1,2";
				TEST_HOST = "$(BUILT_PRODUCTS_DIR)/testio.app/$(BUNDLE_EXECUTABLE_FOLDER_PATH)/testio";
			};
			name = Debug;
		};
		D0EF657D299A976400AD7E41 /* Release */ = {
			isa = XCBuildConfiguration;
			buildSettings = {
				ALWAYS_EMBED_SWIFT_STANDARD_LIBRARIES = YES;
				BUNDLE_LOADER = "$(TEST_HOST)";
				CODE_SIGN_STYLE = Automatic;
				CURRENT_PROJECT_VERSION = 1;
				DEVELOPMENT_TEAM = D355Q3YZEV;
				GENERATE_INFOPLIST_FILE = YES;
				IPHONEOS_DEPLOYMENT_TARGET = 16.2;
				MARKETING_VERSION = 1.0;
				PRODUCT_BUNDLE_IDENTIFIER = PG.testioTests;
				PRODUCT_NAME = "$(TARGET_NAME)";
				SWIFT_EMIT_LOC_STRINGS = NO;
				SWIFT_VERSION = 5.0;
				TARGETED_DEVICE_FAMILY = "1,2";
				TEST_HOST = "$(BUILT_PRODUCTS_DIR)/testio.app/$(BUNDLE_EXECUTABLE_FOLDER_PATH)/testio";
			};
			name = Release;
		};
		D0EF659E299A9DC100AD7E41 /* Debug */ = {
			isa = XCBuildConfiguration;
			buildSettings = {
				CLANG_ENABLE_MODULES = YES;
				CODE_SIGN_STYLE = Automatic;
				CURRENT_PROJECT_VERSION = 1;
				DEFINES_MODULE = YES;
				DEVELOPMENT_TEAM = D355Q3YZEV;
				DYLIB_COMPATIBILITY_VERSION = 1;
				DYLIB_CURRENT_VERSION = 1;
				DYLIB_INSTALL_NAME_BASE = "@rpath";
				GENERATE_INFOPLIST_FILE = YES;
				INFOPLIST_KEY_NSHumanReadableCopyright = "";
				INSTALL_PATH = "$(LOCAL_LIBRARY_DIR)/Frameworks";
				IPHONEOS_DEPLOYMENT_TARGET = 15.0;
				LD_RUNPATH_SEARCH_PATHS = (
					"$(inherited)",
					"@executable_path/Frameworks",
					"@loader_path/Frameworks",
				);
				MARKETING_VERSION = 1.0;
				PRODUCT_BUNDLE_IDENTIFIER = PG.testioCommon;
				PRODUCT_NAME = "$(TARGET_NAME:c99extidentifier)";
				SKIP_INSTALL = YES;
				SWIFT_EMIT_LOC_STRINGS = YES;
				SWIFT_OPTIMIZATION_LEVEL = "-Onone";
				SWIFT_VERSION = 5.0;
				TARGETED_DEVICE_FAMILY = "1,2";
				VERSIONING_SYSTEM = "apple-generic";
				VERSION_INFO_PREFIX = "";
			};
			name = Debug;
		};
		D0EF659F299A9DC100AD7E41 /* Release */ = {
			isa = XCBuildConfiguration;
			buildSettings = {
				CLANG_ENABLE_MODULES = YES;
				CODE_SIGN_STYLE = Automatic;
				CURRENT_PROJECT_VERSION = 1;
				DEFINES_MODULE = YES;
				DEVELOPMENT_TEAM = D355Q3YZEV;
				DYLIB_COMPATIBILITY_VERSION = 1;
				DYLIB_CURRENT_VERSION = 1;
				DYLIB_INSTALL_NAME_BASE = "@rpath";
				GENERATE_INFOPLIST_FILE = YES;
				INFOPLIST_KEY_NSHumanReadableCopyright = "";
				INSTALL_PATH = "$(LOCAL_LIBRARY_DIR)/Frameworks";
				IPHONEOS_DEPLOYMENT_TARGET = 15.0;
				LD_RUNPATH_SEARCH_PATHS = (
					"$(inherited)",
					"@executable_path/Frameworks",
					"@loader_path/Frameworks",
				);
				MARKETING_VERSION = 1.0;
				PRODUCT_BUNDLE_IDENTIFIER = PG.testioCommon;
				PRODUCT_NAME = "$(TARGET_NAME:c99extidentifier)";
				SKIP_INSTALL = YES;
				SWIFT_EMIT_LOC_STRINGS = YES;
				SWIFT_VERSION = 5.0;
				TARGETED_DEVICE_FAMILY = "1,2";
				VERSIONING_SYSTEM = "apple-generic";
				VERSION_INFO_PREFIX = "";
			};
			name = Release;
		};
		D0EF65A2299A9DC100AD7E41 /* Debug */ = {
			isa = XCBuildConfiguration;
			buildSettings = {
				ALWAYS_EMBED_SWIFT_STANDARD_LIBRARIES = YES;
				CODE_SIGN_STYLE = Automatic;
				CURRENT_PROJECT_VERSION = 1;
				DEVELOPMENT_TEAM = D355Q3YZEV;
				GENERATE_INFOPLIST_FILE = YES;
				MARKETING_VERSION = 1.0;
				PRODUCT_BUNDLE_IDENTIFIER = PG.testioCommonTests;
				PRODUCT_NAME = "$(TARGET_NAME)";
				SWIFT_EMIT_LOC_STRINGS = NO;
				SWIFT_VERSION = 5.0;
				TARGETED_DEVICE_FAMILY = "1,2";
				TEST_HOST = "$(BUILT_PRODUCTS_DIR)/testio.app/$(BUNDLE_EXECUTABLE_FOLDER_PATH)/testio";
			};
			name = Debug;
		};
		D0EF65A3299A9DC100AD7E41 /* Release */ = {
			isa = XCBuildConfiguration;
			buildSettings = {
				ALWAYS_EMBED_SWIFT_STANDARD_LIBRARIES = YES;
				CODE_SIGN_STYLE = Automatic;
				CURRENT_PROJECT_VERSION = 1;
				DEVELOPMENT_TEAM = D355Q3YZEV;
				GENERATE_INFOPLIST_FILE = YES;
				MARKETING_VERSION = 1.0;
				PRODUCT_BUNDLE_IDENTIFIER = PG.testioCommonTests;
				PRODUCT_NAME = "$(TARGET_NAME)";
				SWIFT_EMIT_LOC_STRINGS = NO;
				SWIFT_VERSION = 5.0;
				TARGETED_DEVICE_FAMILY = "1,2";
				TEST_HOST = "$(BUILT_PRODUCTS_DIR)/testio.app/$(BUNDLE_EXECUTABLE_FOLDER_PATH)/testio";
			};
			name = Release;
		};
		D0EF65C2299AA0BA00AD7E41 /* Debug */ = {
			isa = XCBuildConfiguration;
			buildSettings = {
				CLANG_ENABLE_MODULES = YES;
				CODE_SIGN_STYLE = Automatic;
				CURRENT_PROJECT_VERSION = 1;
				DEFINES_MODULE = YES;
				DEVELOPMENT_TEAM = D355Q3YZEV;
				DYLIB_COMPATIBILITY_VERSION = 1;
				DYLIB_CURRENT_VERSION = 1;
				DYLIB_INSTALL_NAME_BASE = "@rpath";
				GENERATE_INFOPLIST_FILE = YES;
				INFOPLIST_KEY_NSHumanReadableCopyright = "";
				INSTALL_PATH = "$(LOCAL_LIBRARY_DIR)/Frameworks";
				IPHONEOS_DEPLOYMENT_TARGET = 15.0;
				LD_RUNPATH_SEARCH_PATHS = (
					"$(inherited)",
					"@executable_path/Frameworks",
					"@loader_path/Frameworks",
				);
				MARKETING_VERSION = 1.0;
				PRODUCT_BUNDLE_IDENTIFIER = PG.testioAuth;
				PRODUCT_NAME = "$(TARGET_NAME:c99extidentifier)";
				SKIP_INSTALL = YES;
				SWIFT_EMIT_LOC_STRINGS = YES;
				SWIFT_OPTIMIZATION_LEVEL = "-Onone";
				SWIFT_VERSION = 5.0;
				TARGETED_DEVICE_FAMILY = "1,2";
				VERSIONING_SYSTEM = "apple-generic";
				VERSION_INFO_PREFIX = "";
			};
			name = Debug;
		};
		D0EF65C3299AA0BA00AD7E41 /* Release */ = {
			isa = XCBuildConfiguration;
			buildSettings = {
				CLANG_ENABLE_MODULES = YES;
				CODE_SIGN_STYLE = Automatic;
				CURRENT_PROJECT_VERSION = 1;
				DEFINES_MODULE = YES;
				DEVELOPMENT_TEAM = D355Q3YZEV;
				DYLIB_COMPATIBILITY_VERSION = 1;
				DYLIB_CURRENT_VERSION = 1;
				DYLIB_INSTALL_NAME_BASE = "@rpath";
				GENERATE_INFOPLIST_FILE = YES;
				INFOPLIST_KEY_NSHumanReadableCopyright = "";
				INSTALL_PATH = "$(LOCAL_LIBRARY_DIR)/Frameworks";
				IPHONEOS_DEPLOYMENT_TARGET = 15.0;
				LD_RUNPATH_SEARCH_PATHS = (
					"$(inherited)",
					"@executable_path/Frameworks",
					"@loader_path/Frameworks",
				);
				MARKETING_VERSION = 1.0;
				PRODUCT_BUNDLE_IDENTIFIER = PG.testioAuth;
				PRODUCT_NAME = "$(TARGET_NAME:c99extidentifier)";
				SKIP_INSTALL = YES;
				SWIFT_EMIT_LOC_STRINGS = YES;
				SWIFT_VERSION = 5.0;
				TARGETED_DEVICE_FAMILY = "1,2";
				VERSIONING_SYSTEM = "apple-generic";
				VERSION_INFO_PREFIX = "";
			};
			name = Release;
		};
		D0EF65C5299AA0BA00AD7E41 /* Debug */ = {
			isa = XCBuildConfiguration;
			buildSettings = {
				ALWAYS_EMBED_SWIFT_STANDARD_LIBRARIES = YES;
				CODE_SIGN_STYLE = Automatic;
				CURRENT_PROJECT_VERSION = 1;
				DEVELOPMENT_TEAM = D355Q3YZEV;
				GENERATE_INFOPLIST_FILE = YES;
				MARKETING_VERSION = 1.0;
				PRODUCT_BUNDLE_IDENTIFIER = PG.testioAuthTests;
				PRODUCT_NAME = "$(TARGET_NAME)";
				SWIFT_EMIT_LOC_STRINGS = NO;
				SWIFT_VERSION = 5.0;
				TARGETED_DEVICE_FAMILY = "1,2";
				TEST_HOST = "$(BUILT_PRODUCTS_DIR)/testio.app/$(BUNDLE_EXECUTABLE_FOLDER_PATH)/testio";
			};
			name = Debug;
		};
		D0EF65C6299AA0BA00AD7E41 /* Release */ = {
			isa = XCBuildConfiguration;
			buildSettings = {
				ALWAYS_EMBED_SWIFT_STANDARD_LIBRARIES = YES;
				CODE_SIGN_STYLE = Automatic;
				CURRENT_PROJECT_VERSION = 1;
				DEVELOPMENT_TEAM = D355Q3YZEV;
				GENERATE_INFOPLIST_FILE = YES;
				MARKETING_VERSION = 1.0;
				PRODUCT_BUNDLE_IDENTIFIER = PG.testioAuthTests;
				PRODUCT_NAME = "$(TARGET_NAME)";
				SWIFT_EMIT_LOC_STRINGS = NO;
				SWIFT_VERSION = 5.0;
				TARGETED_DEVICE_FAMILY = "1,2";
				TEST_HOST = "$(BUILT_PRODUCTS_DIR)/testio.app/$(BUNDLE_EXECUTABLE_FOLDER_PATH)/testio";
			};
			name = Release;
		};
/* End XCBuildConfiguration section */

/* Begin XCConfigurationList section */
		D0EF6549299A976200AD7E41 /* Build configuration list for PBXProject "testio" */ = {
			isa = XCConfigurationList;
			buildConfigurations = (
				D0EF6576299A976400AD7E41 /* Debug */,
				D0EF6577299A976400AD7E41 /* Release */,
			);
			defaultConfigurationIsVisible = 0;
			defaultConfigurationName = Release;
		};
		D0EF6578299A976400AD7E41 /* Build configuration list for PBXNativeTarget "testio" */ = {
			isa = XCConfigurationList;
			buildConfigurations = (
				D0EF6579299A976400AD7E41 /* Debug */,
				D0EF657A299A976400AD7E41 /* Release */,
			);
			defaultConfigurationIsVisible = 0;
			defaultConfigurationName = Release;
		};
		D0EF657B299A976400AD7E41 /* Build configuration list for PBXNativeTarget "testioTests" */ = {
			isa = XCConfigurationList;
			buildConfigurations = (
				D0EF657C299A976400AD7E41 /* Debug */,
				D0EF657D299A976400AD7E41 /* Release */,
			);
			defaultConfigurationIsVisible = 0;
			defaultConfigurationName = Release;
		};
		D0EF659D299A9DC100AD7E41 /* Build configuration list for PBXNativeTarget "testioCommon" */ = {
			isa = XCConfigurationList;
			buildConfigurations = (
				D0EF659E299A9DC100AD7E41 /* Debug */,
				D0EF659F299A9DC100AD7E41 /* Release */,
			);
			defaultConfigurationIsVisible = 0;
			defaultConfigurationName = Release;
		};
		D0EF65A1299A9DC100AD7E41 /* Build configuration list for PBXNativeTarget "testioCommonTests" */ = {
			isa = XCConfigurationList;
			buildConfigurations = (
				D0EF65A2299A9DC100AD7E41 /* Debug */,
				D0EF65A3299A9DC100AD7E41 /* Release */,
			);
			defaultConfigurationIsVisible = 0;
			defaultConfigurationName = Release;
		};
		D0EF65C1299AA0BA00AD7E41 /* Build configuration list for PBXNativeTarget "testioAuth" */ = {
			isa = XCConfigurationList;
			buildConfigurations = (
				D0EF65C2299AA0BA00AD7E41 /* Debug */,
				D0EF65C3299AA0BA00AD7E41 /* Release */,
			);
			defaultConfigurationIsVisible = 0;
			defaultConfigurationName = Release;
		};
		D0EF65C4299AA0BA00AD7E41 /* Build configuration list for PBXNativeTarget "testioAuthTests" */ = {
			isa = XCConfigurationList;
			buildConfigurations = (
				D0EF65C5299AA0BA00AD7E41 /* Debug */,
				D0EF65C6299AA0BA00AD7E41 /* Release */,
			);
			defaultConfigurationIsVisible = 0;
			defaultConfigurationName = Release;
		};
/* End XCConfigurationList section */
	};
	rootObject = D0EF6546299A976200AD7E41 /* Project object */;
}
